
Microsoft Visual Studio Solution File, Format Version 11.00
# Visual Studio 2010
Project("{FAE04EC0-301F-11D3-BF4B-00C04F79EFBC}") = "Junk_HERO_another ", "Assembly-CSharp.csproj", "{25415877-6C9B-4CBD-E186-3E927E23909F}"
EndProject
Global
	GlobalSection(SolutionConfigurationPlatforms) = preSolution
		Debug|Any CPU = Debug|Any CPU
		Release|Any CPU = Release|Any CPU
	EndGlobalSection
	GlobalSection(ProjectConfigurationPlatforms) = postSolution
		{25415877-6C9B-4CBD-E186-3E927E23909F}.Debug|Any CPU.ActiveCfg = Debug|Any CPU
		{25415877-6C9B-4CBD-E186-3E927E23909F}.Debug|Any CPU.Build.0 = Debug|Any CPU
		{25415877-6C9B-4CBD-E186-3E927E23909F}.Release|Any CPU.ActiveCfg = Release|Any CPU
		{25415877-6C9B-4CBD-E186-3E927E23909F}.Release|Any CPU.Build.0 = Release|Any CPU
	EndGlobalSection
	GlobalSection(SolutionProperties) = preSolution
		HideSolutionNode = FALSE
	EndGlobalSection
	GlobalSection(MonoDevelopProperties) = preSolution
		StartupItem = Assembly-CSharp.csproj
	EndGlobalSection
EndGlobal
